
Microsoft Visual Studio Solution File, Format Version 12.00
# Visual Studio Version 17
VisualStudioVersion = 17.6.33815.320
MinimumVisualStudioVersion = 10.0.40219.1
Project("{9A19103F-16F7-4668-BE54-9A1E7A4F7556}") = "BulkyWeb", "BulkyWeb\BulkyWeb.csproj", "{85FBD5E0-4CDD-4C25-9B21-848288FAA26B}"
EndProject
Project("{9A19103F-16F7-4668-BE54-9A1E7A4F7556}") = "BulkyWebRazor_Temp", "BulkyWebRazor_Temp\BulkyWebRazor_Temp.csproj", "{28005F14-E251-4689-A624-55FD5ECD9F5C}"
EndProject
Project("{9A19103F-16F7-4668-BE54-9A1E7A4F7556}") = "Bulky.DataAccess", "Bulky.DataAccess\Bulky.DataAccess.csproj", "{895628AB-E544-4CED-B3F7-4C333EAF8CE9}"
EndProject
Project("{9A19103F-16F7-4668-BE54-9A1E7A4F7556}") = "Bulky.Models", "Bulky.Models\Bulky.Models.csproj", "{DC987D99-5DA0-4772-A523-8F1D97F6C59C}"
EndProject
Project("{9A19103F-16F7-4668-BE54-9A1E7A4F7556}") = "Bulky.Utility", "Bulky.Utility\Bulky.Utility.csproj", "{C5236E3B-69E2-4E7A-B9BC-94569366BBF7}"
EndProject
Global
	GlobalSection(SolutionConfigurationPlatforms) = preSolution
		Debug|Any CPU = Debug|Any CPU
		Release|Any CPU = Release|Any CPU
	EndGlobalSection
	GlobalSection(ProjectConfigurationPlatforms) = postSolution
		{85FBD5E0-4CDD-4C25-9B21-848288FAA26B}.Debug|Any CPU.ActiveCfg = Debug|Any CPU
		{85FBD5E0-4CDD-4C25-9B21-848288FAA26B}.Debug|Any CPU.Build.0 = Debug|Any CPU
		{85FBD5E0-4CDD-4C25-9B21-848288FAA26B}.Release|Any CPU.ActiveCfg = Release|Any CPU
		{85FBD5E0-4CDD-4C25-9B21-848288FAA26B}.Release|Any CPU.Build.0 = Release|Any CPU
		{28005F14-E251-4689-A624-55FD5ECD9F5C}.Debug|Any CPU.ActiveCfg = Debug|Any CPU
		{28005F14-E251-4689-A624-55FD5ECD9F5C}.Debug|Any CPU.Build.0 = Debug|Any CPU
		{28005F14-E251-4689-A624-55FD5ECD9F5C}.Release|Any CPU.ActiveCfg = Release|Any CPU
		{28005F14-E251-4689-A624-55FD5ECD9F5C}.Release|Any CPU.Build.0 = Release|Any CPU
		{895628AB-E544-4CED-B3F7-4C333EAF8CE9}.Debug|Any CPU.ActiveCfg = Debug|Any CPU
		{895628AB-E544-4CED-B3F7-4C333EAF8CE9}.Debug|Any CPU.Build.0 = Debug|Any CPU
		{895628AB-E544-4CED-B3F7-4C333EAF8CE9}.Release|Any CPU.ActiveCfg = Release|Any CPU
		{895628AB-E544-4CED-B3F7-4C333EAF8CE9}.Release|Any CPU.Build.0 = Release|Any CPU
		{DC987D99-5DA0-4772-A523-8F1D97F6C59C}.Debug|Any CPU.ActiveCfg = Debug|Any CPU
		{DC987D99-5DA0-4772-A523-8F1D97F6C59C}.Debug|Any CPU.Build.0 = Debug|Any CPU
		{DC987D99-5DA0-4772-A523-8F1D97F6C59C}.Release|Any CPU.ActiveCfg = Release|Any CPU
		{DC987D99-5DA0-4772-A523-8F1D97F6C59C}.Release|Any CPU.Build.0 = Release|Any CPU
		{C5236E3B-69E2-4E7A-B9BC-94569366BBF7}.Debug|Any CPU.ActiveCfg = Debug|Any CPU
		{C5236E3B-69E2-4E7A-B9BC-94569366BBF7}.Debug|Any CPU.Build.0 = Debug|Any CPU
		{C5236E3B-69E2-4E7A-B9BC-94569366BBF7}.Release|Any CPU.ActiveCfg = Release|Any CPU
		{C5236E3B-69E2-4E7A-B9BC-94569366BBF7}.Release|Any CPU.Build.0 = Release|Any CPU
	EndGlobalSection
	GlobalSection(SolutionProperties) = preSolution
		HideSolutionNode = FALSE
	EndGlobalSection
	GlobalSection(ExtensibilityGlobals) = postSolution
		SolutionGuid = {E62F2586-C235-4F9F-BA69-2A83BCAB4A65}
	EndGlobalSection
EndGlobal
